
Microsoft Visual Studio Solution File, Format Version 12.00
# Visual Studio 15
Project("{FAE04EC0-301F-11D3-BF4B-00C04F79EFBC}") = "Assembly-CSharp", "Assembly-CSharp.csproj", "{BFBB3BE8-6226-34D8-29E1-E01D2A2D9468}"
EndProject
Global
	GlobalSection(SolutionConfigurationPlatforms) = preSolution
		Debug|Any CPU = Debug|Any CPU
		Release|Any CPU = Release|Any CPU
	EndGlobalSection
	GlobalSection(ProjectConfigurationPlatforms) = postSolution
		{BFBB3BE8-6226-34D8-29E1-E01D2A2D9468}.Debug|Any CPU.ActiveCfg = Debug|Any CPU
		{BFBB3BE8-6226-34D8-29E1-E01D2A2D9468}.Debug|Any CPU.Build.0 = Debug|Any CPU
		{BFBB3BE8-6226-34D8-29E1-E01D2A2D9468}.Release|Any CPU.ActiveCfg = Release|Any CPU
		{BFBB3BE8-6226-34D8-29E1-E01D2A2D9468}.Release|Any CPU.Build.0 = Release|Any CPU
	EndGlobalSection
	GlobalSection(SolutionProperties) = preSolution
		HideSolutionNode = FALSE
	EndGlobalSection
EndGlobal
